// !$*UTF8*$!
{
	archiveVersion = 1;
	classes = {
	};
	objectVersion = 46;
	objects = {

/* Begin PBXBuildFile section */
		B3882DCF16BC73D7001E53BE /* UIKit.framework in Frameworks */ = {isa = PBXBuildFile; fileRef = B3882DCE16BC73D7001E53BE /* UIKit.framework */; };
		B3882DD116BC73D7001E53BE /* Foundation.framework in Frameworks */ = {isa = PBXBuildFile; fileRef = B3882DD016BC73D7001E53BE /* Foundation.framework */; };
		B3882DD316BC73D7001E53BE /* CoreGraphics.framework in Frameworks */ = {isa = PBXBuildFile; fileRef = B3882DD216BC73D7001E53BE /* CoreGraphics.framework */; };
		B3882DD916BC73D7001E53BE /* InfoPlist.strings in Resources */ = {isa = PBXBuildFile; fileRef = B3882DD716BC73D7001E53BE /* InfoPlist.strings */; };
		B3882DDB16BC73D7001E53BE /* main.m in Sources */ = {isa = PBXBuildFile; fileRef = B3882DDA16BC73D7001E53BE /* main.m */; };
		B3882DDF16BC73D7001E53BE /* S5RPTAppDelegate.m in Sources */ = {isa = PBXBuildFile; fileRef = B3882DDE16BC73D7001E53BE /* S5RPTAppDelegate.m */; };
		B3882DE116BC73D7001E53BE /* Default.png in Resources */ = {isa = PBXBuildFile; fileRef = B3882DE016BC73D7001E53BE /* Default.png */; };
		B3882DE316BC73D7001E53BE /* Default@2x.png in Resources */ = {isa = PBXBuildFile; fileRef = B3882DE216BC73D7001E53BE /* Default@2x.png */; };
		B3882DE516BC73D7001E53BE /* Default-568h@2x.png in Resources */ = {isa = PBXBuildFile; fileRef = B3882DE416BC73D7001E53BE /* Default-568h@2x.png */; };
		B3882DE816BC73D7001E53BE /* MainStoryboard.storyboard in Resources */ = {isa = PBXBuildFile; fileRef = B3882DE616BC73D7001E53BE /* MainStoryboard.storyboard */; };
		B3882DEB16BC73D7001E53BE /* S5RPTViewController.m in Sources */ = {isa = PBXBuildFile; fileRef = B3882DEA16BC73D7001E53BE /* S5RPTViewController.m */; };
/* End PBXBuildFile section */

/* Begin PBXFileReference section */
		B3882DCB16BC73D7001E53BE /* S5RPT.app */ = {isa = PBXFileReference; explicitFileType = wrapper.application; includeInIndex = 0; path = S5RPT.app; sourceTree = BUILT_PRODUCTS_DIR; };
		B3882DCE16BC73D7001E53BE /* UIKit.framework */ = {isa = PBXFileReference; lastKnownFileType = wrapper.framework; name = UIKit.framework; path = System/Library/Frameworks/UIKit.framework; sourceTree = SDKROOT; };
		B3882DD016BC73D7001E53BE /* Foundation.framework */ = {isa = PBXFileReference; lastKnownFileType = wrapper.framework; name = Foundation.framework; path = System/Library/Frameworks/Foundation.framework; sourceTree = SDKROOT; };
		B3882DD216BC73D7001E53BE /* CoreGraphics.framework */ = {isa = PBXFileReference; lastKnownFileType = wrapper.framework; name = CoreGraphics.framework; path = System/Library/Frameworks/CoreGraphics.framework; sourceTree = SDKROOT; };
		B3882DD616BC73D7001E53BE /* S5RPT-Info.plist */ = {isa = PBXFileReference; lastKnownFileType = text.plist.xml; path = "S5RPT-Info.plist"; sourceTree = "<group>"; };
		B3882DD816BC73D7001E53BE /* en */ = {isa = PBXFileReference; lastKnownFileType = text.plist.strings; name = en; path = en.lproj/InfoPlist.strings; sourceTree = "<group>"; };
		B3882DDA16BC73D7001E53BE /* main.m */ = {isa = PBXFileReference; lastKnownFileType = sourcecode.c.objc; path = main.m; sourceTree = "<group>"; };
		B3882DDC16BC73D7001E53BE /* S5RPT-Prefix.pch */ = {isa = PBXFileReference; lastKnownFileType = sourcecode.c.h; path = "S5RPT-Prefix.pch"; sourceTree = "<group>"; };
		B3882DDD16BC73D7001E53BE /* S5RPTAppDelegate.h */ = {isa = PBXFileReference; lastKnownFileType = sourcecode.c.h; path = S5RPTAppDelegate.h; sourceTree = "<group>"; };
		B3882DDE16BC73D7001E53BE /* S5RPTAppDelegate.m */ = {isa = PBXFileReference; lastKnownFileType = sourcecode.c.objc; path = S5RPTAppDelegate.m; sourceTree = "<group>"; };
		B3882DE016BC73D7001E53BE /* Default.png */ = {isa = PBXFileReference; lastKnownFileType = image.png; path = Default.png; sourceTree = "<group>"; };
		B3882DE216BC73D7001E53BE /* Default@2x.png */ = {isa = PBXFileReference; lastKnownFileType = image.png; path = "Default@2x.png"; sourceTree = "<group>"; };
		B3882DE416BC73D7001E53BE /* Default-568h@2x.png */ = {isa = PBXFileReference; lastKnownFileType = image.png; path = "Default-568h@2x.png"; sourceTree = "<group>"; };
		B3882DE716BC73D7001E53BE /* en */ = {isa = PBXFileReference; lastKnownFileType = file.storyboard; name = en; path = en.lproj/MainStoryboard.storyboard; sourceTree = "<group>"; };
		B3882DE916BC73D7001E53BE /* S5RPTViewController.h */ = {isa = PBXFileReference; lastKnownFileType = sourcecode.c.h; path = S5RPTViewController.h; sourceTree = "<group>"; };
		B3882DEA16BC73D7001E53BE /* S5RPTViewController.m */ = {isa = PBXFileReference; lastKnownFileType = sourcecode.c.objc; path = S5RPTViewController.m; sourceTree = "<group>"; };
/* End PBXFileReference section */

/* Begin PBXFrameworksBuildPhase section */
		B3882DC816BC73D7001E53BE /* Frameworks */ = {
			isa = PBXFrameworksBuildPhase;
			buildActionMask = 2147483647;
			files = (
				B3882DCF16BC73D7001E53BE /* UIKit.framework in Frameworks */,
				B3882DD116BC73D7001E53BE /* Foundation.framework in Frameworks */,
				B3882DD316BC73D7001E53BE /* CoreGraphics.framework in Frameworks */,
			);
			runOnlyForDeploymentPostprocessing = 0;
		};
/* End PBXFrameworksBuildPhase section */

/* Begin PBXGroup section */
		B3882DC216BC73D7001E53BE = {
			isa = PBXGroup;
			children = (
				B3882DD416BC73D7001E53BE /* S5RPT */,
				B3882DCD16BC73D7001E53BE /* Frameworks */,
				B3882DCC16BC73D7001E53BE /* Products */,
			);
			sourceTree = "<group>";
		};
		B3882DCC16BC73D7001E53BE /* Products */ = {
			isa = PBXGroup;
			children = (
				B3882DCB16BC73D7001E53BE /* S5RPT.app */,
			);
			name = Products;
			sourceTree = "<group>";
		};
		B3882DCD16BC73D7001E53BE /* Frameworks */ = {
			isa = PBXGroup;
			children = (
				B3882DCE16BC73D7001E53BE /* UIKit.framework */,
				B3882DD016BC73D7001E53BE /* Foundation.framework */,
				B3882DD216BC73D7001E53BE /* CoreGraphics.framework */,
			);
			name = Frameworks;
			sourceTree = "<group>";
		};
		B3882DD416BC73D7001E53BE /* S5RPT */ = {
			isa = PBXGroup;
			children = (
				B3882DDD16BC73D7001E53BE /* S5RPTAppDelegate.h */,
				B3882DDE16BC73D7001E53BE /* S5RPTAppDelegate.m */,
				B3882DE616BC73D7001E53BE /* MainStoryboard.storyboard */,
				B3882DE916BC73D7001E53BE /* S5RPTViewController.h */,
				B3882DEA16BC73D7001E53BE /* S5RPTViewController.m */,
				B3882DD516BC73D7001E53BE /* Supporting Files */,
			);
			path = S5RPT;
			sourceTree = "<group>";
		};
		B3882DD516BC73D7001E53BE /* Supporting Files */ = {
			isa = PBXGroup;
			children = (
				B3882DD616BC73D7001E53BE /* S5RPT-Info.plist */,
				B3882DD716BC73D7001E53BE /* InfoPlist.strings */,
				B3882DDA16BC73D7001E53BE /* main.m */,
				B3882DDC16BC73D7001E53BE /* S5RPT-Prefix.pch */,
				B3882DE016BC73D7001E53BE /* Default.png */,
				B3882DE216BC73D7001E53BE /* Default@2x.png */,
				B3882DE416BC73D7001E53BE /* Default-568h@2x.png */,
			);
			name = "Supporting Files";
			sourceTree = "<group>";
		};
/* End PBXGroup section */

/* Begin PBXNativeTarget section */
		B3882DCA16BC73D7001E53BE /* S5RPT */ = {
			isa = PBXNativeTarget;
			buildConfigurationList = B3882DEE16BC73D7001E53BE /* Build configuration list for PBXNativeTarget "S5RPT" */;
			buildPhases = (
				B3882DC716BC73D7001E53BE /* Sources */,
				B3882DC816BC73D7001E53BE /* Frameworks */,
				B3882DC916BC73D7001E53BE /* Resources */,
			);
			buildRules = (
			);
			dependencies = (
			);
			name = S5RPT;
			productName = S5RPT;
			productReference = B3882DCB16BC73D7001E53BE /* S5RPT.app */;
			productType = "com.apple.product-type.application";
		};
/* End PBXNativeTarget section */

/* Begin PBXProject section */
		B3882DC316BC73D7001E53BE /* Project object */ = {
			isa = PBXProject;
			attributes = {
				CLASSPREFIX = S5RPT;
				LastUpgradeCheck = 0460;
				ORGANIZATIONNAME = "Deni Bacic";
			};
			buildConfigurationList = B3882DC616BC73D7001E53BE /* Build configuration list for PBXProject "S5RPT" */;
			compatibilityVersion = "Xcode 3.2";
			developmentRegion = English;
			hasScannedForEncodings = 0;
			knownRegions = (
				en,
			);
			mainGroup = B3882DC216BC73D7001E53BE;
			productRefGroup = B3882DCC16BC73D7001E53BE /* Products */;
			projectDirPath = "";
			projectRoot = "";
			targets = (
				B3882DCA16BC73D7001E53BE /* S5RPT */,
			);
		};
/* End PBXProject section */

/* Begin PBXResourcesBuildPhase section */
		B3882DC916BC73D7001E53BE /* Resources */ = {
			isa = PBXResourcesBuildPhase;
			buildActionMask = 2147483647;
			files = (
				B3882DD916BC73D7001E53BE /* InfoPlist.strings in Resources */,
				B3882DE116BC73D7001E53BE /* Default.png in Resources */,
				B3882DE316BC73D7001E53BE /* Default@2x.png in Resources */,
				B3882DE516BC73D7001E53BE /* Default-568h@2x.png in Resources */,
				B3882DE816BC73D7001E53BE /* MainStoryboard.storyboard in Resources */,
			);
			runOnlyForDeploymentPostprocessing = 0;
		};
/* End PBXResourcesBuildPhase section */

/* Begin PBXSourcesBuildPhase section */
		B3882DC716BC73D7001E53BE /* Sources */ = {
			isa = PBXSourcesBuildPhase;
			buildActionMask = 2147483647;
			files = (
				B3882DDB16BC73D7001E53BE /* main.m in Sources */,
				B3882DDF16BC73D7001E53BE /* S5RPTAppDelegate.m in Sources */,
				B3882DEB16BC73D7001E53BE /* S5RPTViewController.m in Sources */,
			);
			runOnlyForDeploymentPostprocessing = 0;
		};
/* End PBXSourcesBuildPhase section */

/* Begin PBXVariantGroup section */
		B3882DD716BC73D7001E53BE /* InfoPlist.strings */ = {
			isa = PBXVariantGroup;
			children = (
				B3882DD816BC73D7001E53BE /* en */,
			);
			name = InfoPlist.strings;
			sourceTree = "<group>";
		};
		B3882DE616BC73D7001E53BE /* MainStoryboard.storyboard */ = {
			isa = PBXVariantGroup;
			children = (
				B3882DE716BC73D7001E53BE /* en */,
			);
			name = MainStoryboard.storyboard;
			sourceTree = "<group>";
		};
/* End PBXVariantGroup section */

/* Begin XCBuildConfiguration section */
		B3882DEC16BC73D7001E53BE /* Debug */ = {
			isa = XCBuildConfiguration;
			buildSettings = {
				ALWAYS_SEARCH_USER_PATHS = NO;
				CLANG_CXX_LANGUAGE_STANDARD = "gnu++0x";
				CLANG_CXX_LIBRARY = "libc++";
				CLANG_ENABLE_OBJC_ARC = YES;
				CLANG_WARN_CONSTANT_CONVERSION = YES;
				CLANG_WARN_EMPTY_BODY = YES;
				CLANG_WARN_ENUM_CONVERSION = YES;
				CLANG_WARN_INT_CONVERSION = YES;
				CLANG_WARN__DUPLICATE_METHOD_MATCH = YES;
				"CODE_SIGN_IDENTITY[sdk=iphoneos*]" = "iPhone Developer";
				COPY_PHASE_STRIP = NO;
				GCC_C_LANGUAGE_STANDARD = gnu99;
				GCC_DYNAMIC_NO_PIC = NO;
				GCC_OPTIMIZATION_LEVEL = 0;
				GCC_PREPROCESSOR_DEFINITIONS = (
					"DEBUG=1",
					"$(inherited)",
				);
				GCC_SYMBOLS_PRIVATE_EXTERN = NO;
				GCC_WARN_ABOUT_RETURN_TYPE = YES;
				GCC_WARN_UNINITIALIZED_AUTOS = YES;
				GCC_WARN_UNUSED_VARIABLE = YES;
				IPHONEOS_DEPLOYMENT_TARGET = 6.1;
				ONLY_ACTIVE_ARCH = YES;
				SDKROOT = iphoneos;
			};
			name = Debug;
		};
		B3882DED16BC73D7001E53BE /* Release */ = {
			isa = XCBuildConfiguration;
			buildSettings = {
				ALWAYS_SEARCH_USER_PATHS = NO;
				CLANG_CXX_LANGUAGE_STANDARD = "gnu++0x";
				CLANG_CXX_LIBRARY = "libc++";
				CLANG_ENABLE_OBJC_ARC = YES;
				CLANG_WARN_CONSTANT_CONVERSION = YES;
				CLANG_WARN_EMPTY_BODY = YES;
				CLANG_WARN_ENUM_CONVERSION = YES;
				CLANG_WARN_INT_CONVERSION = YES;
				CLANG_WARN__DUPLICATE_METHOD_MATCH = YES;
				"CODE_SIGN_IDENTITY[sdk=iphoneos*]" = "iPhone Developer";
				COPY_PHASE_STRIP = YES;
				GCC_C_LANGUAGE_STANDARD = gnu99;
				GCC_WARN_ABOUT_RETURN_TYPE = YES;
				GCC_WARN_UNINITIALIZED_AUTOS = YES;
				GCC_WARN_UNUSED_VARIABLE = YES;
				IPHONEOS_DEPLOYMENT_TARGET = 6.1;
				OTHER_CFLAGS = "-DNS_BLOCK_ASSERTIONS=1";
				SDKROOT = iphoneos;
				VALIDATE_PRODUCT = YES;
			};
			name = Release;
		};
		B3882DEF16BC73D7001E53BE /* Debug */ = {
			isa = XCBuildConfiguration;
			buildSettings = {
				GCC_PRECOMPILE_PREFIX_HEADER = YES;
				GCC_PREFIX_HEADER = "S5RPT/S5RPT-Prefix.pch";
				INFOPLIST_FILE = "S5RPT/S5RPT-Info.plist";
				PRODUCT_NAME = "$(TARGET_NAME)";
				WRAPPER_EXTENSION = app;
			};
			name = Debug;
		};
		B3882DF016BC73D7001E53BE /* Release */ = {
			isa = XCBuildConfiguration;
			buildSettings = {
				GCC_PRECOMPILE_PREFIX_HEADER = YES;
				GCC_PREFIX_HEADER = "S5RPT/S5RPT-Prefix.pch";
				INFOPLIST_FILE = "S5RPT/S5RPT-Info.plist";
				PRODUCT_NAME = "$(TARGET_NAME)";
				WRAPPER_EXTENSION = app;
			};
			name = Release;
		};
/* End XCBuildConfiguration section */

/* Begin XCConfigurationList section */
		B3882DC616BC73D7001E53BE /* Build configuration list for PBXProject "S5RPT" */ = {
			isa = XCConfigurationList;
			buildConfigurations = (
				B3882DEC16BC73D7001E53BE /* Debug */,
				B3882DED16BC73D7001E53BE /* Release */,
			);
			defaultConfigurationIsVisible = 0;
			defaultConfigurationName = Release;
		};
		B3882DEE16BC73D7001E53BE /* Build configuration list for PBXNativeTarget "S5RPT" */ = {
			isa = XCConfigurationList;
			buildConfigurations = (
				B3882DEF16BC73D7001E53BE /* Debug */,
				B3882DF016BC73D7001E53BE /* Release */,
			);
			defaultConfigurationIsVisible = 0;
		};
/* End XCConfigurationList section */
	};
	rootObject = B3882DC316BC73D7001E53BE /* Project object */;
}
